
Microsoft Visual Studio Solution File, Format Version 12.00
# Visual Studio Version 17
VisualStudioVersion = 17.5.33530.505
MinimumVisualStudioVersion = 10.0.40219.1
Project("{2150E333-8FDC-42A3-9474-1A3956D46DE8}") = "Infrastructure", "Infrastructure", "{180D3A13-3BA6-48BB-A53E-938EB0CD9E2F}"
EndProject
Project("{9A19103F-16F7-4668-BE54-9A1E7A4F7556}") = "Wego.Identity", "Wego\Infrastucture\Wego.Identity\Wego.Identity.csproj", "{070CB50D-85C6-43D3-B9D6-89D4AF02ED6C}"
EndProject
Project("{9A19103F-16F7-4668-BE54-9A1E7A4F7556}") = "Wego.Infrastructure", "Wego\Infrastucture\Wego.Infrastructure\Wego.Infrastructure.csproj", "{17092B11-28F5-4C12-ACA2-511A95EBDB05}"
EndProject
Project("{9A19103F-16F7-4668-BE54-9A1E7A4F7556}") = "Wego.Persistence", "Wego\Infrastucture\Wego.Persistence\Wego.Persistence.csproj", "{E2C72AC3-3EE9-4BFB-9170-C5B4E3CB31D4}"
EndProject
Project("{2150E333-8FDC-42A3-9474-1A3956D46DE8}") = "Core", "Core", "{16B26813-9C64-41D9-A216-99BFE8C0634C}"
EndProject
Project("{9A19103F-16F7-4668-BE54-9A1E7A4F7556}") = "Wego.Application", "Wego\Core\Wego.Application\Wego.Application.csproj", "{ACD3CEDB-FC71-4D54-AFDF-CC94AF9B6EC1}"
EndProject
Project("{9A19103F-16F7-4668-BE54-9A1E7A4F7556}") = "Wego.Domain", "Wego\Core\Wego.Domain\Wego.Domain.csproj", "{C386BBF6-4960-4B43-A099-E400A3D63E19}"
EndProject
Project("{9A19103F-16F7-4668-BE54-9A1E7A4F7556}") = "Wego.Api", "Wego\Api\Wego.Api\Wego.Api.csproj", "{EC50606C-69A3-40CE-8F12-74069CC8E0C1}"
EndProject
Project("{2150E333-8FDC-42A3-9474-1A3956D46DE8}") = "Api", "Api", "{57AAF861-1085-4F61-8779-BCB74A84ACAD}"
EndProject
Project("{2150E333-8FDC-42A3-9474-1A3956D46DE8}") = "test", "test", "{887F7046-EBF8-4B56-9D3C-A01930C45F2C}"
EndProject
Project("{FAE04EC0-301F-11D3-BF4B-00C04F79EFBC}") = "Wego.Applocation.Tests", "Wego\test\Wego.Applocation.tests\Wego.Applocation.Tests.csproj", "{763858AD-19B2-44A8-8A68-3DEBF635160B}"
EndProject
Global
	GlobalSection(SolutionConfigurationPlatforms) = preSolution
		Debug|Any CPU = Debug|Any CPU
		Release|Any CPU = Release|Any CPU
	EndGlobalSection
	GlobalSection(ProjectConfigurationPlatforms) = postSolution
		{070CB50D-85C6-43D3-B9D6-89D4AF02ED6C}.Debug|Any CPU.ActiveCfg = Debug|Any CPU
		{070CB50D-85C6-43D3-B9D6-89D4AF02ED6C}.Debug|Any CPU.Build.0 = Debug|Any CPU
		{070CB50D-85C6-43D3-B9D6-89D4AF02ED6C}.Release|Any CPU.ActiveCfg = Release|Any CPU
		{070CB50D-85C6-43D3-B9D6-89D4AF02ED6C}.Release|Any CPU.Build.0 = Release|Any CPU
		{17092B11-28F5-4C12-ACA2-511A95EBDB05}.Debug|Any CPU.ActiveCfg = Debug|Any CPU
		{17092B11-28F5-4C12-ACA2-511A95EBDB05}.Debug|Any CPU.Build.0 = Debug|Any CPU
		{17092B11-28F5-4C12-ACA2-511A95EBDB05}.Release|Any CPU.ActiveCfg = Release|Any CPU
		{17092B11-28F5-4C12-ACA2-511A95EBDB05}.Release|Any CPU.Build.0 = Release|Any CPU
		{E2C72AC3-3EE9-4BFB-9170-C5B4E3CB31D4}.Debug|Any CPU.ActiveCfg = Debug|Any CPU
		{E2C72AC3-3EE9-4BFB-9170-C5B4E3CB31D4}.Debug|Any CPU.Build.0 = Debug|Any CPU
		{E2C72AC3-3EE9-4BFB-9170-C5B4E3CB31D4}.Release|Any CPU.ActiveCfg = Release|Any CPU
		{E2C72AC3-3EE9-4BFB-9170-C5B4E3CB31D4}.Release|Any CPU.Build.0 = Release|Any CPU
		{ACD3CEDB-FC71-4D54-AFDF-CC94AF9B6EC1}.Debug|Any CPU.ActiveCfg = Debug|Any CPU
		{ACD3CEDB-FC71-4D54-AFDF-CC94AF9B6EC1}.Debug|Any CPU.Build.0 = Debug|Any CPU
		{ACD3CEDB-FC71-4D54-AFDF-CC94AF9B6EC1}.Release|Any CPU.ActiveCfg = Release|Any CPU
		{ACD3CEDB-FC71-4D54-AFDF-CC94AF9B6EC1}.Release|Any CPU.Build.0 = Release|Any CPU
		{C386BBF6-4960-4B43-A099-E400A3D63E19}.Debug|Any CPU.ActiveCfg = Debug|Any CPU
		{C386BBF6-4960-4B43-A099-E400A3D63E19}.Debug|Any CPU.Build.0 = Debug|Any CPU
		{C386BBF6-4960-4B43-A099-E400A3D63E19}.Release|Any CPU.ActiveCfg = Release|Any CPU
		{C386BBF6-4960-4B43-A099-E400A3D63E19}.Release|Any CPU.Build.0 = Release|Any CPU
		{EC50606C-69A3-40CE-8F12-74069CC8E0C1}.Debug|Any CPU.ActiveCfg = Debug|Any CPU
		{EC50606C-69A3-40CE-8F12-74069CC8E0C1}.Debug|Any CPU.Build.0 = Debug|Any CPU
		{EC50606C-69A3-40CE-8F12-74069CC8E0C1}.Release|Any CPU.ActiveCfg = Release|Any CPU
		{EC50606C-69A3-40CE-8F12-74069CC8E0C1}.Release|Any CPU.Build.0 = Release|Any CPU
		{763858AD-19B2-44A8-8A68-3DEBF635160B}.Debug|Any CPU.ActiveCfg = Debug|Any CPU
		{763858AD-19B2-44A8-8A68-3DEBF635160B}.Debug|Any CPU.Build.0 = Debug|Any CPU
		{763858AD-19B2-44A8-8A68-3DEBF635160B}.Release|Any CPU.ActiveCfg = Release|Any CPU
		{763858AD-19B2-44A8-8A68-3DEBF635160B}.Release|Any CPU.Build.0 = Release|Any CPU
	EndGlobalSection
	GlobalSection(SolutionProperties) = preSolution
		HideSolutionNode = FALSE
	EndGlobalSection
	GlobalSection(NestedProjects) = preSolution
		{070CB50D-85C6-43D3-B9D6-89D4AF02ED6C} = {180D3A13-3BA6-48BB-A53E-938EB0CD9E2F}
		{17092B11-28F5-4C12-ACA2-511A95EBDB05} = {180D3A13-3BA6-48BB-A53E-938EB0CD9E2F}
		{E2C72AC3-3EE9-4BFB-9170-C5B4E3CB31D4} = {180D3A13-3BA6-48BB-A53E-938EB0CD9E2F}
		{ACD3CEDB-FC71-4D54-AFDF-CC94AF9B6EC1} = {16B26813-9C64-41D9-A216-99BFE8C0634C}
		{C386BBF6-4960-4B43-A099-E400A3D63E19} = {16B26813-9C64-41D9-A216-99BFE8C0634C}
		{EC50606C-69A3-40CE-8F12-74069CC8E0C1} = {57AAF861-1085-4F61-8779-BCB74A84ACAD}
		{763858AD-19B2-44A8-8A68-3DEBF635160B} = {887F7046-EBF8-4B56-9D3C-A01930C45F2C}
	EndGlobalSection
	GlobalSection(ExtensibilityGlobals) = postSolution
		SolutionGuid = {8095E93A-4A40-4F13-B722-37B00251BCD2}
	EndGlobalSection
EndGlobal
